// !$*UTF8*$!
{
	archiveVersion = 1;
	classes = {
	};
	objectVersion = 52;
	objects = {

/* Begin PBXBuildFile section */
		F20C896225E73288009739A0 /* AppDelegate.swift in Sources */ = {isa = PBXBuildFile; fileRef = F20C896125E73288009739A0 /* AppDelegate.swift */; };
		F20C896425E73288009739A0 /* SceneDelegate.swift in Sources */ = {isa = PBXBuildFile; fileRef = F20C896325E73288009739A0 /* SceneDelegate.swift */; };
		F20C896625E73288009739A0 /* ViewController.swift in Sources */ = {isa = PBXBuildFile; fileRef = F20C896525E73288009739A0 /* ViewController.swift */; };
		F20C896925E73288009739A0 /* Main.storyboard in Resources */ = {isa = PBXBuildFile; fileRef = F20C896725E73288009739A0 /* Main.storyboard */; };
		F20C896B25E7328C009739A0 /* Assets.xcassets in Resources */ = {isa = PBXBuildFile; fileRef = F20C896A25E7328C009739A0 /* Assets.xcassets */; };
		F20C896E25E7328C009739A0 /* LaunchScreen.storyboard in Resources */ = {isa = PBXBuildFile; fileRef = F20C896C25E7328C009739A0 /* LaunchScreen.storyboard */; };
		F20C897925E7328C009739A0 /* LinkedInScraperTests.swift in Sources */ = {isa = PBXBuildFile; fileRef = F20C897825E7328C009739A0 /* LinkedInScraperTests.swift */; };
		F20C898425E7328D009739A0 /* LinkedInScraperUITests.swift in Sources */ = {isa = PBXBuildFile; fileRef = F20C898325E7328D009739A0 /* LinkedInScraperUITests.swift */; };
		F20C899625E7360A009739A0 /* PythonKit in Frameworks */ = {isa = PBXBuildFile; productRef = F20C899525E7360A009739A0 /* PythonKit */; };
/* End PBXBuildFile section */

/* Begin PBXContainerItemProxy section */
		F20C897525E7328C009739A0 /* PBXContainerItemProxy */ = {
			isa = PBXContainerItemProxy;
			containerPortal = F20C895625E73288009739A0 /* Project object */;
			proxyType = 1;
			remoteGlobalIDString = F20C895D25E73288009739A0;
			remoteInfo = LinkedInScraper;
		};
		F20C898025E7328D009739A0 /* PBXContainerItemProxy */ = {
			isa = PBXContainerItemProxy;
			containerPortal = F20C895625E73288009739A0 /* Project object */;
			proxyType = 1;
			remoteGlobalIDString = F20C895D25E73288009739A0;
			remoteInfo = LinkedInScraper;
		};
/* End PBXContainerItemProxy section */

/* Begin PBXFileReference section */
		F20C895E25E73288009739A0 /* LinkedInScraper.app */ = {isa = PBXFileReference; explicitFileType = wrapper.application; includeInIndex = 0; path = LinkedInScraper.app; sourceTree = BUILT_PRODUCTS_DIR; };
		F20C896125E73288009739A0 /* AppDelegate.swift */ = {isa = PBXFileReference; lastKnownFileType = sourcecode.swift; path = AppDelegate.swift; sourceTree = "<group>"; };
		F20C896325E73288009739A0 /* SceneDelegate.swift */ = {isa = PBXFileReference; lastKnownFileType = sourcecode.swift; path = SceneDelegate.swift; sourceTree = "<group>"; };
		F20C896525E73288009739A0 /* ViewController.swift */ = {isa = PBXFileReference; lastKnownFileType = sourcecode.swift; path = ViewController.swift; sourceTree = "<group>"; };
		F20C896825E73288009739A0 /* Base */ = {isa = PBXFileReference; lastKnownFileType = file.storyboard; name = Base; path = Base.lproj/Main.storyboard; sourceTree = "<group>"; };
		F20C896A25E7328C009739A0 /* Assets.xcassets */ = {isa = PBXFileReference; lastKnownFileType = folder.assetcatalog; path = Assets.xcassets; sourceTree = "<group>"; };
		F20C896D25E7328C009739A0 /* Base */ = {isa = PBXFileReference; lastKnownFileType = file.storyboard; name = Base; path = Base.lproj/LaunchScreen.storyboard; sourceTree = "<group>"; };
		F20C896F25E7328C009739A0 /* Info.plist */ = {isa = PBXFileReference; lastKnownFileType = text.plist.xml; path = Info.plist; sourceTree = "<group>"; };
		F20C897425E7328C009739A0 /* LinkedInScraperTests.xctest */ = {isa = PBXFileReference; explicitFileType = wrapper.cfbundle; includeInIndex = 0; path = LinkedInScraperTests.xctest; sourceTree = BUILT_PRODUCTS_DIR; };
		F20C897825E7328C009739A0 /* LinkedInScraperTests.swift */ = {isa = PBXFileReference; lastKnownFileType = sourcecode.swift; path = LinkedInScraperTests.swift; sourceTree = "<group>"; };
		F20C897A25E7328C009739A0 /* Info.plist */ = {isa = PBXFileReference; lastKnownFileType = text.plist.xml; path = Info.plist; sourceTree = "<group>"; };
		F20C897F25E7328D009739A0 /* LinkedInScraperUITests.xctest */ = {isa = PBXFileReference; explicitFileType = wrapper.cfbundle; includeInIndex = 0; path = LinkedInScraperUITests.xctest; sourceTree = BUILT_PRODUCTS_DIR; };
		F20C898325E7328D009739A0 /* LinkedInScraperUITests.swift */ = {isa = PBXFileReference; lastKnownFileType = sourcecode.swift; path = LinkedInScraperUITests.swift; sourceTree = "<group>"; };
		F20C898525E7328D009739A0 /* Info.plist */ = {isa = PBXFileReference; lastKnownFileType = text.plist.xml; path = Info.plist; sourceTree = "<group>"; };
/* End PBXFileReference section */

/* Begin PBXFrameworksBuildPhase section */
		F20C895B25E73288009739A0 /* Frameworks */ = {
			isa = PBXFrameworksBuildPhase;
			buildActionMask = 2147483647;
			files = (
				F20C899625E7360A009739A0 /* PythonKit in Frameworks */,
			);
			runOnlyForDeploymentPostprocessing = 0;
		};
		F20C897125E7328C009739A0 /* Frameworks */ = {
			isa = PBXFrameworksBuildPhase;
			buildActionMask = 2147483647;
			files = (
			);
			runOnlyForDeploymentPostprocessing = 0;
		};
		F20C897C25E7328D009739A0 /* Frameworks */ = {
			isa = PBXFrameworksBuildPhase;
			buildActionMask = 2147483647;
			files = (
			);
			runOnlyForDeploymentPostprocessing = 0;
		};
/* End PBXFrameworksBuildPhase section */

/* Begin PBXGroup section */
		F20C895525E73288009739A0 = {
			isa = PBXGroup;
			children = (
				F20C896025E73288009739A0 /* LinkedInScraper */,
				F20C897725E7328C009739A0 /* LinkedInScraperTests */,
				F20C898225E7328D009739A0 /* LinkedInScraperUITests */,
				F20C895F25E73288009739A0 /* Products */,
			);
			sourceTree = "<group>";
		};
		F20C895F25E73288009739A0 /* Products */ = {
			isa = PBXGroup;
			children = (
				F20C895E25E73288009739A0 /* LinkedInScraper.app */,
				F20C897425E7328C009739A0 /* LinkedInScraperTests.xctest */,
				F20C897F25E7328D009739A0 /* LinkedInScraperUITests.xctest */,
			);
			name = Products;
			sourceTree = "<group>";
		};
		F20C896025E73288009739A0 /* LinkedInScraper */ = {
			isa = PBXGroup;
			children = (
				F20C896125E73288009739A0 /* AppDelegate.swift */,
				F20C896325E73288009739A0 /* SceneDelegate.swift */,
				F20C896525E73288009739A0 /* ViewController.swift */,
				F20C896725E73288009739A0 /* Main.storyboard */,
				F20C896A25E7328C009739A0 /* Assets.xcassets */,
				F20C896C25E7328C009739A0 /* LaunchScreen.storyboard */,
				F20C896F25E7328C009739A0 /* Info.plist */,
			);
			path = LinkedInScraper;
			sourceTree = "<group>";
		};
		F20C897725E7328C009739A0 /* LinkedInScraperTests */ = {
			isa = PBXGroup;
			children = (
				F20C897825E7328C009739A0 /* LinkedInScraperTests.swift */,
				F20C897A25E7328C009739A0 /* Info.plist */,
			);
			path = LinkedInScraperTests;
			sourceTree = "<group>";
		};
		F20C898225E7328D009739A0 /* LinkedInScraperUITests */ = {
			isa = PBXGroup;
			children = (
				F20C898325E7328D009739A0 /* LinkedInScraperUITests.swift */,
				F20C898525E7328D009739A0 /* Info.plist */,
			);
			path = LinkedInScraperUITests;
			sourceTree = "<group>";
		};
/* End PBXGroup section */

/* Begin PBXNativeTarget section */
		F20C895D25E73288009739A0 /* LinkedInScraper */ = {
			isa = PBXNativeTarget;
			buildConfigurationList = F20C898825E7328D009739A0 /* Build configuration list for PBXNativeTarget "LinkedInScraper" */;
			buildPhases = (
				F20C895A25E73288009739A0 /* Sources */,
				F20C895B25E73288009739A0 /* Frameworks */,
				F20C895C25E73288009739A0 /* Resources */,
			);
			buildRules = (
			);
			dependencies = (
			);
			name = LinkedInScraper;
			packageProductDependencies = (
				F20C899525E7360A009739A0 /* PythonKit */,
			);
			productName = LinkedInScraper;
			productReference = F20C895E25E73288009739A0 /* LinkedInScraper.app */;
			productType = "com.apple.product-type.application";
		};
		F20C897325E7328C009739A0 /* LinkedInScraperTests */ = {
			isa = PBXNativeTarget;
			buildConfigurationList = F20C898B25E7328D009739A0 /* Build configuration list for PBXNativeTarget "LinkedInScraperTests" */;
			buildPhases = (
				F20C897025E7328C009739A0 /* Sources */,
				F20C897125E7328C009739A0 /* Frameworks */,
				F20C897225E7328C009739A0 /* Resources */,
			);
			buildRules = (
			);
			dependencies = (
				F20C897625E7328C009739A0 /* PBXTargetDependency */,
			);
			name = LinkedInScraperTests;
			productName = LinkedInScraperTests;
			productReference = F20C897425E7328C009739A0 /* LinkedInScraperTests.xctest */;
			productType = "com.apple.product-type.bundle.unit-test";
		};
		F20C897E25E7328D009739A0 /* LinkedInScraperUITests */ = {
			isa = PBXNativeTarget;
			buildConfigurationList = F20C898E25E7328D009739A0 /* Build configuration list for PBXNativeTarget "LinkedInScraperUITests" */;
			buildPhases = (
				F20C897B25E7328D009739A0 /* Sources */,
				F20C897C25E7328D009739A0 /* Frameworks */,
				F20C897D25E7328D009739A0 /* Resources */,
			);
			buildRules = (
			);
			dependencies = (
				F20C898125E7328D009739A0 /* PBXTargetDependency */,
			);
			name = LinkedInScraperUITests;
			productName = LinkedInScraperUITests;
			productReference = F20C897F25E7328D009739A0 /* LinkedInScraperUITests.xctest */;
			productType = "com.apple.product-type.bundle.ui-testing";
		};
/* End PBXNativeTarget section */

/* Begin PBXProject section */
		F20C895625E73288009739A0 /* Project object */ = {
			isa = PBXProject;
			attributes = {
				LastSwiftUpdateCheck = 1240;
				LastUpgradeCheck = 1240;
				TargetAttributes = {
					F20C895D25E73288009739A0 = {
						CreatedOnToolsVersion = 12.4;
					};
					F20C897325E7328C009739A0 = {
						CreatedOnToolsVersion = 12.4;
						TestTargetID = F20C895D25E73288009739A0;
					};
					F20C897E25E7328D009739A0 = {
						CreatedOnToolsVersion = 12.4;
						TestTargetID = F20C895D25E73288009739A0;
					};
				};
			};
			buildConfigurationList = F20C895925E73288009739A0 /* Build configuration list for PBXProject "LinkedInScraper" */;
			compatibilityVersion = "Xcode 9.3";
			developmentRegion = en;
			hasScannedForEncodings = 0;
			knownRegions = (
				en,
				Base,
			);
			mainGroup = F20C895525E73288009739A0;
			packageReferences = (
				F20C899425E7360A009739A0 /* XCRemoteSwiftPackageReference "PythonKit" */,
			);
			productRefGroup = F20C895F25E73288009739A0 /* Products */;
			projectDirPath = "";
			projectRoot = "";
			targets = (
				F20C895D25E73288009739A0 /* LinkedInScraper */,
				F20C897325E7328C009739A0 /* LinkedInScraperTests */,
				F20C897E25E7328D009739A0 /* LinkedInScraperUITests */,
			);
		};
/* End PBXProject section */

/* Begin PBXResourcesBuildPhase section */
		F20C895C25E73288009739A0 /* Resources */ = {
			isa = PBXResourcesBuildPhase;
			buildActionMask = 2147483647;
			files = (
				F20C896E25E7328C009739A0 /* LaunchScreen.storyboard in Resources */,
				F20C896B25E7328C009739A0 /* Assets.xcassets in Resources */,
				F20C896925E73288009739A0 /* Main.storyboard in Resources */,
			);
			runOnlyForDeploymentPostprocessing = 0;
		};
		F20C897225E7328C009739A0 /* Resources */ = {
			isa = PBXResourcesBuildPhase;
			buildActionMask = 2147483647;
			files = (
			);
			runOnlyForDeploymentPostprocessing = 0;
		};
		F20C897D25E7328D009739A0 /* Resources */ = {
			isa = PBXResourcesBuildPhase;
			buildActionMask = 2147483647;
			files = (
			);
			runOnlyForDeploymentPostprocessing = 0;
		};
/* End PBXResourcesBuildPhase section */

/* Begin PBXSourcesBuildPhase section */
		F20C895A25E73288009739A0 /* Sources */ = {
			isa = PBXSourcesBuildPhase;
			buildActionMask = 2147483647;
			files = (
				F20C896625E73288009739A0 /* ViewController.swift in Sources */,
				F20C896225E73288009739A0 /* AppDelegate.swift in Sources */,
				F20C896425E73288009739A0 /* SceneDelegate.swift in Sources */,
			);
			runOnlyForDeploymentPostprocessing = 0;
		};
		F20C897025E7328C009739A0 /* Sources */ = {
			isa = PBXSourcesBuildPhase;
			buildActionMask = 2147483647;
			files = (
				F20C897925E7328C009739A0 /* LinkedInScraperTests.swift in Sources */,
			);
			runOnlyForDeploymentPostprocessing = 0;
		};
		F20C897B25E7328D009739A0 /* Sources */ = {
			isa = PBXSourcesBuildPhase;
			buildActionMask = 2147483647;
			files = (
				F20C898425E7328D009739A0 /* LinkedInScraperUITests.swift in Sources */,
			);
			runOnlyForDeploymentPostprocessing = 0;
		};
/* End PBXSourcesBuildPhase section */

/* Begin PBXTargetDependency section */
		F20C897625E7328C009739A0 /* PBXTargetDependency */ = {
			isa = PBXTargetDependency;
			target = F20C895D25E73288009739A0 /* LinkedInScraper */;
			targetProxy = F20C897525E7328C009739A0 /* PBXContainerItemProxy */;
		};
		F20C898125E7328D009739A0 /* PBXTargetDependency */ = {
			isa = PBXTargetDependency;
			target = F20C895D25E73288009739A0 /* LinkedInScraper */;
			targetProxy = F20C898025E7328D009739A0 /* PBXContainerItemProxy */;
		};
/* End PBXTargetDependency section */

/* Begin PBXVariantGroup section */
		F20C896725E73288009739A0 /* Main.storyboard */ = {
			isa = PBXVariantGroup;
			children = (
				F20C896825E73288009739A0 /* Base */,
			);
			name = Main.storyboard;
			sourceTree = "<group>";
		};
		F20C896C25E7328C009739A0 /* LaunchScreen.storyboard */ = {
			isa = PBXVariantGroup;
			children = (
				F20C896D25E7328C009739A0 /* Base */,
			);
			name = LaunchScreen.storyboard;
			sourceTree = "<group>";
		};
/* End PBXVariantGroup section */

/* Begin XCBuildConfiguration section */
		F20C898625E7328D009739A0 /* Debug */ = {
			isa = XCBuildConfiguration;
			buildSettings = {
				ALWAYS_SEARCH_USER_PATHS = NO;
				CLANG_ANALYZER_NONNULL = YES;
				CLANG_ANALYZER_NUMBER_OBJECT_CONVERSION = YES_AGGRESSIVE;
				CLANG_CXX_LANGUAGE_STANDARD = "gnu++14";
				CLANG_CXX_LIBRARY = "libc++";
				CLANG_ENABLE_MODULES = YES;
				CLANG_ENABLE_OBJC_ARC = YES;
				CLANG_ENABLE_OBJC_WEAK = YES;
				CLANG_WARN_BLOCK_CAPTURE_AUTORELEASING = YES;
				CLANG_WARN_BOOL_CONVERSION = YES;
				CLANG_WARN_COMMA = YES;
				CLANG_WARN_CONSTANT_CONVERSION = YES;
				CLANG_WARN_DEPRECATED_OBJC_IMPLEMENTATIONS = YES;
				CLANG_WARN_DIRECT_OBJC_ISA_USAGE = YES_ERROR;
				CLANG_WARN_DOCUMENTATION_COMMENTS = YES;
				CLANG_WARN_EMPTY_BODY = YES;
				CLANG_WARN_ENUM_CONVERSION = YES;
				CLANG_WARN_INFINITE_RECURSION = YES;
				CLANG_WARN_INT_CONVERSION = YES;
				CLANG_WARN_NON_LITERAL_NULL_CONVERSION = YES;
				CLANG_WARN_OBJC_IMPLICIT_RETAIN_SELF = YES;
				CLANG_WARN_OBJC_LITERAL_CONVERSION = YES;
				CLANG_WARN_OBJC_ROOT_CLASS = YES_ERROR;
				CLANG_WARN_QUOTED_INCLUDE_IN_FRAMEWORK_HEADER = YES;
				CLANG_WARN_RANGE_LOOP_ANALYSIS = YES;
				CLANG_WARN_STRICT_PROTOTYPES = YES;
				CLANG_WARN_SUSPICIOUS_MOVE = YES;
				CLANG_WARN_UNGUARDED_AVAILABILITY = YES_AGGRESSIVE;
				CLANG_WARN_UNREACHABLE_CODE = YES;
				CLANG_WARN__DUPLICATE_METHOD_MATCH = YES;
				COPY_PHASE_STRIP = NO;
				DEBUG_INFORMATION_FORMAT = dwarf;
				ENABLE_STRICT_OBJC_MSGSEND = YES;
				ENABLE_TESTABILITY = YES;
				GCC_C_LANGUAGE_STANDARD = gnu11;
				GCC_DYNAMIC_NO_PIC = NO;
				GCC_NO_COMMON_BLOCKS = YES;
				GCC_OPTIMIZATION_LEVEL = 0;
				GCC_PREPROCESSOR_DEFINITIONS = (
					"DEBUG=1",
					"$(inherited)",
				);
				GCC_WARN_64_TO_32_BIT_CONVERSION = YES;
				GCC_WARN_ABOUT_RETURN_TYPE = YES_ERROR;
				GCC_WARN_UNDECLARED_SELECTOR = YES;
				GCC_WARN_UNINITIALIZED_AUTOS = YES_AGGRESSIVE;
				GCC_WARN_UNUSED_FUNCTION = YES;
				GCC_WARN_UNUSED_VARIABLE = YES;
				IPHONEOS_DEPLOYMENT_TARGET = 14.4;
				MTL_ENABLE_DEBUG_INFO = INCLUDE_SOURCE;
				MTL_FAST_MATH = YES;
				ONLY_ACTIVE_ARCH = YES;
				SDKROOT = iphoneos;
				SWIFT_ACTIVE_COMPILATION_CONDITIONS = DEBUG;
				SWIFT_OPTIMIZATION_LEVEL = "-Onone";
			};
			name = Debug;
		};
		F20C898725E7328D009739A0 /* Release */ = {
			isa = XCBuildConfiguration;
			buildSettings = {
				ALWAYS_SEARCH_USER_PATHS = NO;
				CLANG_ANALYZER_NONNULL = YES;
				CLANG_ANALYZER_NUMBER_OBJECT_CONVERSION = YES_AGGRESSIVE;
				CLANG_CXX_LANGUAGE_STANDARD = "gnu++14";
				CLANG_CXX_LIBRARY = "libc++";
				CLANG_ENABLE_MODULES = YES;
				CLANG_ENABLE_OBJC_ARC = YES;
				CLANG_ENABLE_OBJC_WEAK = YES;
				CLANG_WARN_BLOCK_CAPTURE_AUTORELEASING = YES;
				CLANG_WARN_BOOL_CONVERSION = YES;
				CLANG_WARN_COMMA = YES;
				CLANG_WARN_CONSTANT_CONVERSION = YES;
				CLANG_WARN_DEPRECATED_OBJC_IMPLEMENTATIONS = YES;
				CLANG_WARN_DIRECT_OBJC_ISA_USAGE = YES_ERROR;
				CLANG_WARN_DOCUMENTATION_COMMENTS = YES;
				CLANG_WARN_EMPTY_BODY = YES;
				CLANG_WARN_ENUM_CONVERSION = YES;
				CLANG_WARN_INFINITE_RECURSION = YES;
				CLANG_WARN_INT_CONVERSION = YES;
				CLANG_WARN_NON_LITERAL_NULL_CONVERSION = YES;
				CLANG_WARN_OBJC_IMPLICIT_RETAIN_SELF = YES;
				CLANG_WARN_OBJC_LITERAL_CONVERSION = YES;
				CLANG_WARN_OBJC_ROOT_CLASS = YES_ERROR;
				CLANG_WARN_QUOTED_INCLUDE_IN_FRAMEWORK_HEADER = YES;
				CLANG_WARN_RANGE_LOOP_ANALYSIS = YES;
				CLANG_WARN_STRICT_PROTOTYPES = YES;
				CLANG_WARN_SUSPICIOUS_MOVE = YES;
				CLANG_WARN_UNGUARDED_AVAILABILITY = YES_AGGRESSIVE;
				CLANG_WARN_UNREACHABLE_CODE = YES;
				CLANG_WARN__DUPLICATE_METHOD_MATCH = YES;
				COPY_PHASE_STRIP = NO;
				DEBUG_INFORMATION_FORMAT = "dwarf-with-dsym";
				ENABLE_NS_ASSERTIONS = NO;
				ENABLE_STRICT_OBJC_MSGSEND = YES;
				GCC_C_LANGUAGE_STANDARD = gnu11;
				GCC_NO_COMMON_BLOCKS = YES;
				GCC_WARN_64_TO_32_BIT_CONVERSION = YES;
				GCC_WARN_ABOUT_RETURN_TYPE = YES_ERROR;
				GCC_WARN_UNDECLARED_SELECTOR = YES;
				GCC_WARN_UNINITIALIZED_AUTOS = YES_AGGRESSIVE;
				GCC_WARN_UNUSED_FUNCTION = YES;
				GCC_WARN_UNUSED_VARIABLE = YES;
				IPHONEOS_DEPLOYMENT_TARGET = 14.4;
				MTL_ENABLE_DEBUG_INFO = NO;
				MTL_FAST_MATH = YES;
				SDKROOT = iphoneos;
				SWIFT_COMPILATION_MODE = wholemodule;
				SWIFT_OPTIMIZATION_LEVEL = "-O";
				VALIDATE_PRODUCT = NO;
			};
			name = Release;
		};
		F20C898925E7328D009739A0 /* Debug */ = {
			isa = XCBuildConfiguration;
			buildSettings = {
				ASSETCATALOG_COMPILER_APPICON_NAME = AppIcon;
				ASSETCATALOG_COMPILER_GLOBAL_ACCENT_COLOR_NAME = AccentColor;
				CODE_SIGN_STYLE = Automatic;
				DEVELOPMENT_TEAM = 6J64DNK6HX;
				INFOPLIST_FILE = LinkedInScraper/Info.plist;
				LD_RUNPATH_SEARCH_PATHS = (
					"$(inherited)",
					"@executable_path/Frameworks",
				);
				PRODUCT_BUNDLE_IDENTIFIER = cs.LinkedInScraper;
				PRODUCT_NAME = "$(TARGET_NAME)";
				SWIFT_VERSION = 5.0;
				TARGETED_DEVICE_FAMILY = "1,2";
			};
			name = Debug;
		};
		F20C898A25E7328D009739A0 /* Release */ = {
			isa = XCBuildConfiguration;
			buildSettings = {
				ASSETCATALOG_COMPILER_APPICON_NAME = AppIcon;
				ASSETCATALOG_COMPILER_GLOBAL_ACCENT_COLOR_NAME = AccentColor;
				CODE_SIGN_STYLE = Automatic;
				DEVELOPMENT_TEAM = 6J64DNK6HX;
				INFOPLIST_FILE = LinkedInScraper/Info.plist;
				LD_RUNPATH_SEARCH_PATHS = (
					"$(inherited)",
					"@executable_path/Frameworks",
				);
				PRODUCT_BUNDLE_IDENTIFIER = cs.LinkedInScraper;
				PRODUCT_NAME = "$(TARGET_NAME)";
				SWIFT_VERSION = 5.0;
				TARGETED_DEVICE_FAMILY = "1,2";
			};
			name = Release;
		};
		F20C898C25E7328D009739A0 /* Debug */ = {
			isa = XCBuildConfiguration;
			buildSettings = {
				ALWAYS_EMBED_SWIFT_STANDARD_LIBRARIES = YES;
				BUNDLE_LOADER = "$(TEST_HOST)";
				CODE_SIGN_STYLE = Automatic;
				DEVELOPMENT_TEAM = 6J64DNK6HX;
				INFOPLIST_FILE = LinkedInScraperTests/Info.plist;
				IPHONEOS_DEPLOYMENT_TARGET = 14.4;
				LD_RUNPATH_SEARCH_PATHS = (
					"$(inherited)",
					"@executable_path/Frameworks",
					"@loader_path/Frameworks",
				);
				PRODUCT_BUNDLE_IDENTIFIER = cs.LinkedInScraperTests;
				PRODUCT_NAME = "$(TARGET_NAME)";
				SWIFT_VERSION = 5.0;
				TARGETED_DEVICE_FAMILY = "1,2";
				TEST_HOST = "$(BUILT_PRODUCTS_DIR)/LinkedInScraper.app/LinkedInScraper";
			};
			name = Debug;
		};
		F20C898D25E7328D009739A0 /* Release */ = {
			isa = XCBuildConfiguration;
			buildSettings = {
				ALWAYS_EMBED_SWIFT_STANDARD_LIBRARIES = YES;
				BUNDLE_LOADER = "$(TEST_HOST)";
				CODE_SIGN_STYLE = Automatic;
				DEVELOPMENT_TEAM = 6J64DNK6HX;
				INFOPLIST_FILE = LinkedInScraperTests/Info.plist;
				IPHONEOS_DEPLOYMENT_TARGET = 14.4;
				LD_RUNPATH_SEARCH_PATHS = (
					"$(inherited)",
					"@executable_path/Frameworks",
					"@loader_path/Frameworks",
				);
				PRODUCT_BUNDLE_IDENTIFIER = cs.LinkedInScraperTests;
				PRODUCT_NAME = "$(TARGET_NAME)";
				SWIFT_VERSION = 5.0;
				TARGETED_DEVICE_FAMILY = "1,2";
				TEST_HOST = "$(BUILT_PRODUCTS_DIR)/LinkedInScraper.app/LinkedInScraper";
			};
			name = Release;
		};
		F20C898F25E7328D009739A0 /* Debug */ = {
			isa = XCBuildConfiguration;
			buildSettings = {
				ALWAYS_EMBED_SWIFT_STANDARD_LIBRARIES = YES;
				CODE_SIGN_STYLE = Automatic;
				DEVELOPMENT_TEAM = 6J64DNK6HX;
				INFOPLIST_FILE = LinkedInScraperUITests/Info.plist;
				LD_RUNPATH_SEARCH_PATHS = (
					"$(inherited)",
					"@executable_path/Frameworks",
					"@loader_path/Frameworks",
				);
				PRODUCT_BUNDLE_IDENTIFIER = cs.LinkedInScraperUITests;
				PRODUCT_NAME = "$(TARGET_NAME)";
				SWIFT_VERSION = 5.0;
				TARGETED_DEVICE_FAMILY = "1,2";
				TEST_TARGET_NAME = LinkedInScraper;
			};
			name = Debug;
		};
		F20C899025E7328D009739A0 /* Release */ = {
			isa = XCBuildConfiguration;
			buildSettings = {
				ALWAYS_EMBED_SWIFT_STANDARD_LIBRARIES = YES;
				CODE_SIGN_STYLE = Automatic;
				DEVELOPMENT_TEAM = 6J64DNK6HX;
				INFOPLIST_FILE = LinkedInScraperUITests/Info.plist;
				LD_RUNPATH_SEARCH_PATHS = (
					"$(inherited)",
					"@executable_path/Frameworks",
					"@loader_path/Frameworks",
				);
				PRODUCT_BUNDLE_IDENTIFIER = cs.LinkedInScraperUITests;
				PRODUCT_NAME = "$(TARGET_NAME)";
				SWIFT_VERSION = 5.0;
				TARGETED_DEVICE_FAMILY = "1,2";
				TEST_TARGET_NAME = LinkedInScraper;
			};
			name = Release;
		};
/* End XCBuildConfiguration section */

/* Begin XCConfigurationList section */
		F20C895925E73288009739A0 /* Build configuration list for PBXProject "LinkedInScraper" */ = {
			isa = XCConfigurationList;
			buildConfigurations = (
				F20C898625E7328D009739A0 /* Debug */,
				F20C898725E7328D009739A0 /* Release */,
			);
			defaultConfigurationIsVisible = 0;
			defaultConfigurationName = Release;
		};
		F20C898825E7328D009739A0 /* Build configuration list for PBXNativeTarget "LinkedInScraper" */ = {
			isa = XCConfigurationList;
			buildConfigurations = (
				F20C898925E7328D009739A0 /* Debug */,
				F20C898A25E7328D009739A0 /* Release */,
			);
			defaultConfigurationIsVisible = 0;
			defaultConfigurationName = Release;
		};
		F20C898B25E7328D009739A0 /* Build configuration list for PBXNativeTarget "LinkedInScraperTests" */ = {
			isa = XCConfigurationList;
			buildConfigurations = (
				F20C898C25E7328D009739A0 /* Debug */,
				F20C898D25E7328D009739A0 /* Release */,
			);
			defaultConfigurationIsVisible = 0;
			defaultConfigurationName = Release;
		};
		F20C898E25E7328D009739A0 /* Build configuration list for PBXNativeTarget "LinkedInScraperUITests" */ = {
			isa = XCConfigurationList;
			buildConfigurations = (
				F20C898F25E7328D009739A0 /* Debug */,
				F20C899025E7328D009739A0 /* Release */,
			);
			defaultConfigurationIsVisible = 0;
			defaultConfigurationName = Release;
		};
/* End XCConfigurationList section */

/* Begin XCRemoteSwiftPackageReference section */
		F20C899425E7360A009739A0 /* XCRemoteSwiftPackageReference "PythonKit" */ = {
			isa = XCRemoteSwiftPackageReference;
			repositoryURL = "https://github.com/pvieito/PythonKit.git";
			requirement = {
				kind = upToNextMajorVersion;
				minimumVersion = 0.1.0;
			};
		};
/* End XCRemoteSwiftPackageReference section */

/* Begin XCSwiftPackageProductDependency section */
		F20C899525E7360A009739A0 /* PythonKit */ = {
			isa = XCSwiftPackageProductDependency;
			package = F20C899425E7360A009739A0 /* XCRemoteSwiftPackageReference "PythonKit" */;
			productName = PythonKit;
		};
/* End XCSwiftPackageProductDependency section */
	};
	rootObject = F20C895625E73288009739A0 /* Project object */;
}
